
Microsoft Visual Studio Solution File, Format Version 12.00
# Visual Studio Version 17
VisualStudioVersion = 17.4.33213.308
MinimumVisualStudioVersion = 10.0.40219.1
Project("{FAE04EC0-301F-11D3-BF4B-00C04F79EFBC}") = "PersistCommunicator", "PersistCommunicator.csproj", "{B3AE3C8F-FBD3-4E9D-B5B6-8EEB3DA9FB15}"
EndProject
Global
	GlobalSection(SolutionConfigurationPlatforms) = preSolution
		Debug|Any CPU = Debug|Any CPU
		Release|Any CPU = Release|Any CPU
	EndGlobalSection
	GlobalSection(ProjectConfigurationPlatforms) = postSolution
		{B3AE3C8F-FBD3-4E9D-B5B6-8EEB3DA9FB15}.Debug|Any CPU.ActiveCfg = Debug|Any CPU
		{B3AE3C8F-FBD3-4E9D-B5B6-8EEB3DA9FB15}.Debug|Any CPU.Build.0 = Debug|Any CPU
		{B3AE3C8F-FBD3-4E9D-B5B6-8EEB3DA9FB15}.Release|Any CPU.ActiveCfg = Release|Any CPU
		{B3AE3C8F-FBD3-4E9D-B5B6-8EEB3DA9FB15}.Release|Any CPU.Build.0 = Release|Any CPU
	EndGlobalSection
	GlobalSection(SolutionProperties) = preSolution
		HideSolutionNode = FALSE
	EndGlobalSection
	GlobalSection(ExtensibilityGlobals) = postSolution
		SolutionGuid = {9B80A95C-6956-41ED-88AC-F448260DE1A1}
	EndGlobalSection
EndGlobal
